
Microsoft Visual Studio Solution File, Format Version 12.00
# Visual Studio 15
VisualStudioVersion = 15.0.28307.136
MinimumVisualStudioVersion = 10.0.40219.1
Project("{FAE04EC0-301F-11D3-BF4B-00C04F79EFBC}") = "prko123", "prko123\prko123.csproj", "{0416CD39-6100-413B-89AD-826DA83F5279}"
EndProject
Global
	GlobalSection(SolutionConfigurationPlatforms) = preSolution
		Debug|Any CPU = Debug|Any CPU
		Release|Any CPU = Release|Any CPU
	EndGlobalSection
	GlobalSection(ProjectConfigurationPlatforms) = postSolution
		{0416CD39-6100-413B-89AD-826DA83F5279}.Debug|Any CPU.ActiveCfg = Debug|Any CPU
		{0416CD39-6100-413B-89AD-826DA83F5279}.Debug|Any CPU.Build.0 = Debug|Any CPU
		{0416CD39-6100-413B-89AD-826DA83F5279}.Release|Any CPU.ActiveCfg = Release|Any CPU
		{0416CD39-6100-413B-89AD-826DA83F5279}.Release|Any CPU.Build.0 = Release|Any CPU
	EndGlobalSection
	GlobalSection(SolutionProperties) = preSolution
		HideSolutionNode = FALSE
	EndGlobalSection
	GlobalSection(ExtensibilityGlobals) = postSolution
		SolutionGuid = {7797A26E-5E16-4245-903D-13B638880BD6}
	EndGlobalSection
EndGlobal
